
Microsoft Visual Studio Solution File, Format Version 12.00
# Visual Studio Version 16
VisualStudioVersion = 16.0.31624.102
MinimumVisualStudioVersion = 10.0.40219.1
Project("{FAE04EC0-301F-11D3-BF4B-00C04F79EFBC}") = "WebApplication3", "WebApplication3.csproj", "{E30334E8-FA27-4EC1-A42E-FE87D15F4655}"
EndProject
Global
	GlobalSection(SolutionConfigurationPlatforms) = preSolution
		Debug|Any CPU = Debug|Any CPU
		Release|Any CPU = Release|Any CPU
	EndGlobalSection
	GlobalSection(ProjectConfigurationPlatforms) = postSolution
		{E30334E8-FA27-4EC1-A42E-FE87D15F4655}.Debug|Any CPU.ActiveCfg = Debug|Any CPU
		{E30334E8-FA27-4EC1-A42E-FE87D15F4655}.Debug|Any CPU.Build.0 = Debug|Any CPU
		{E30334E8-FA27-4EC1-A42E-FE87D15F4655}.Release|Any CPU.ActiveCfg = Release|Any CPU
		{E30334E8-FA27-4EC1-A42E-FE87D15F4655}.Release|Any CPU.Build.0 = Release|Any CPU
	EndGlobalSection
	GlobalSection(SolutionProperties) = preSolution
		HideSolutionNode = FALSE
	EndGlobalSection
	GlobalSection(ExtensibilityGlobals) = postSolution
		SolutionGuid = {14B10C8C-5CB4-4BF3-9F19-B23F3FD001AB}
	EndGlobalSection
EndGlobal
